
Microsoft Visual Studio Solution File, Format Version 12.00
# Visual Studio 14
VisualStudioVersion = 14.0.23107.0
MinimumVisualStudioVersion = 10.0.40219.1
Project("{FAE04EC0-301F-11D3-BF4B-00C04F79EFBC}") = "MusicMoverApp", "MusicMoverApp\MusicMoverApp.csproj", "{423FDD58-BF66-40EC-B243-5C8909253A69}"
EndProject
Project("{FAE04EC0-301F-11D3-BF4B-00C04F79EFBC}") = "Mover", "Mover\Mover.csproj", "{F05052D9-D4CE-4A3C-BD52-2C0AE5BB5B04}"
EndProject
Project("{FAE04EC0-301F-11D3-BF4B-00C04F79EFBC}") = "MoverTests", "MoverTests\MoverTests.csproj", "{E91DE9A4-6756-4F7B-AD49-A2F530F4C38C}"
EndProject
Project("{2150E333-8FDC-42A3-9474-1A3956D46DE8}") = "TestFiles", "TestFiles", "{66B55F27-7DE6-485A-AF78-D7A75348A4AA}"
EndProject
Project("{2150E333-8FDC-42A3-9474-1A3956D46DE8}") = "Source", "Source", "{90FF2C8A-A56C-448E-9263-2B2376B4BB5C}"
	ProjectSection(SolutionItems) = preProject
		TestFiles\Source\01. DJ Jay Rock - Intro.mp3 = TestFiles\Source\01. DJ Jay Rock - Intro.mp3
	EndProjectSection
EndProject
Global
	GlobalSection(SolutionConfigurationPlatforms) = preSolution
		Debug|Any CPU = Debug|Any CPU
		Release|Any CPU = Release|Any CPU
	EndGlobalSection
	GlobalSection(ProjectConfigurationPlatforms) = postSolution
		{423FDD58-BF66-40EC-B243-5C8909253A69}.Debug|Any CPU.ActiveCfg = Debug|Any CPU
		{423FDD58-BF66-40EC-B243-5C8909253A69}.Debug|Any CPU.Build.0 = Debug|Any CPU
		{423FDD58-BF66-40EC-B243-5C8909253A69}.Release|Any CPU.ActiveCfg = Release|Any CPU
		{423FDD58-BF66-40EC-B243-5C8909253A69}.Release|Any CPU.Build.0 = Release|Any CPU
		{F05052D9-D4CE-4A3C-BD52-2C0AE5BB5B04}.Debug|Any CPU.ActiveCfg = Debug|Any CPU
		{F05052D9-D4CE-4A3C-BD52-2C0AE5BB5B04}.Debug|Any CPU.Build.0 = Debug|Any CPU
		{F05052D9-D4CE-4A3C-BD52-2C0AE5BB5B04}.Release|Any CPU.ActiveCfg = Release|Any CPU
		{F05052D9-D4CE-4A3C-BD52-2C0AE5BB5B04}.Release|Any CPU.Build.0 = Release|Any CPU
		{E91DE9A4-6756-4F7B-AD49-A2F530F4C38C}.Debug|Any CPU.ActiveCfg = Debug|Any CPU
		{E91DE9A4-6756-4F7B-AD49-A2F530F4C38C}.Debug|Any CPU.Build.0 = Debug|Any CPU
		{E91DE9A4-6756-4F7B-AD49-A2F530F4C38C}.Release|Any CPU.ActiveCfg = Release|Any CPU
		{E91DE9A4-6756-4F7B-AD49-A2F530F4C38C}.Release|Any CPU.Build.0 = Release|Any CPU
	EndGlobalSection
	GlobalSection(SolutionProperties) = preSolution
		HideSolutionNode = FALSE
	EndGlobalSection
	GlobalSection(NestedProjects) = preSolution
		{90FF2C8A-A56C-448E-9263-2B2376B4BB5C} = {66B55F27-7DE6-485A-AF78-D7A75348A4AA}
	EndGlobalSection
EndGlobal
