
Microsoft Visual Studio Solution File, Format Version 12.00
# Visual Studio 14
VisualStudioVersion = 14.0.23107.0
MinimumVisualStudioVersion = 10.0.40219.1
Project("{FAE04EC0-301F-11D3-BF4B-00C04F79EFBC}") = "MusicMoverApp", "MusicMoverApp\MusicMoverApp.csproj", "{423FDD58-BF66-40EC-B243-5C8909253A69}"
EndProject
Project("{FAE04EC0-301F-11D3-BF4B-00C04F79EFBC}") = "FileMover", "FileMover\FileMover.csproj", "{C3362FF2-8922-43A9-BECD-30B8B6A78296}"
EndProject
Project("{FAE04EC0-301F-11D3-BF4B-00C04F79EFBC}") = "FileMoverTests", "FileMoverTests\FileMoverTests.csproj", "{F64FDD58-2635-4B05-B463-7BBD0D466CEC}"
EndProject
Global
	GlobalSection(SolutionConfigurationPlatforms) = preSolution
		Debug|Any CPU = Debug|Any CPU
		Release|Any CPU = Release|Any CPU
	EndGlobalSection
	GlobalSection(ProjectConfigurationPlatforms) = postSolution
		{423FDD58-BF66-40EC-B243-5C8909253A69}.Debug|Any CPU.ActiveCfg = Debug|Any CPU
		{423FDD58-BF66-40EC-B243-5C8909253A69}.Debug|Any CPU.Build.0 = Debug|Any CPU
		{423FDD58-BF66-40EC-B243-5C8909253A69}.Release|Any CPU.ActiveCfg = Release|Any CPU
		{423FDD58-BF66-40EC-B243-5C8909253A69}.Release|Any CPU.Build.0 = Release|Any CPU
		{C3362FF2-8922-43A9-BECD-30B8B6A78296}.Debug|Any CPU.ActiveCfg = Debug|Any CPU
		{C3362FF2-8922-43A9-BECD-30B8B6A78296}.Debug|Any CPU.Build.0 = Debug|Any CPU
		{C3362FF2-8922-43A9-BECD-30B8B6A78296}.Release|Any CPU.ActiveCfg = Release|Any CPU
		{C3362FF2-8922-43A9-BECD-30B8B6A78296}.Release|Any CPU.Build.0 = Release|Any CPU
		{F64FDD58-2635-4B05-B463-7BBD0D466CEC}.Debug|Any CPU.ActiveCfg = Debug|Any CPU
		{F64FDD58-2635-4B05-B463-7BBD0D466CEC}.Debug|Any CPU.Build.0 = Debug|Any CPU
		{F64FDD58-2635-4B05-B463-7BBD0D466CEC}.Release|Any CPU.ActiveCfg = Release|Any CPU
		{F64FDD58-2635-4B05-B463-7BBD0D466CEC}.Release|Any CPU.Build.0 = Release|Any CPU
	EndGlobalSection
	GlobalSection(SolutionProperties) = preSolution
		HideSolutionNode = FALSE
	EndGlobalSection
EndGlobal
